{
  "name": "worker",
  "version": "1.0.0",
  "lockfileVersion": 2,
  "requires": true,
  "packages": {
    "": {
      "name": "worker",
      "version": "1.0.0",
      "license": "MIT",
      "dependencies": {
        "@cloudflare/kv-asset-handler": "~0.1.2"
      }
    },
    "node_modules/@cloudflare/kv-asset-handler": {
      "version": "0.1.2",
      "resolved": "https://registry.npmjs.org/@cloudflare/kv-asset-handler/-/kv-asset-handler-0.1.2.tgz",
      "integrity": "sha512-otES1gV5mEhNh82p/sJERPMMrC7UOLV2JyfKf4e3EX1TmMkZ3N8IDGAqRNsoRU8UYTO7wc83I7pH1p4ozAdgMQ==",
      "dependencies": {
        "mime": "^2.5.2"
      }
    },
    "node_modules/mime": {
      "version": "2.5.2",
      "resolved": "https://registry.npmjs.org/mime/-/mime-2.5.2.tgz",
      "integrity": "sha512-tqkh47FzKeCPD2PUiPB6pkbMzsCasjxAfC62/Wap5qrUWcb+sFasXUC5I3gYM5iBM8v/Qpn4UK0x+j0iHyFPDg==",
      "bin": {
        "mime": "cli.js"
      },
      "engines": {
        "node": ">=4.0.0"
      }
    }
  },
  "dependencies": {
    "@cloudflare/kv-asset-handler": {
      "version": "0.1.2",
      "resolved": "https://registry.npmjs.org/@cloudflare/kv-asset-handler/-/kv-asset-handler-0.1.2.tgz",
      "integrity": "sha512-otES1gV5mEhNh82p/sJERPMMrC7UOLV2JyfKf4e3EX1TmMkZ3N8IDGAqRNsoRU8UYTO7wc83I7pH1p4ozAdgMQ==",
      "requires": {
        "mime": "^2.5.2"
      }
    },
    "mime": {
      "version": "2.5.2",
      "resolved": "https://registry.npmjs.org/mime/-/mime-2.5.2.tgz",
      "integrity": "sha512-tqkh47FzKeCPD2PUiPB6pkbMzsCasjxAfC62/Wap5qrUWcb+sFasXUC5I3gYM5iBM8v/Qpn4UK0x+j0iHyFPDg=="
    }
  }
}
