lockfileVersion: 5.3

specifiers:
  '@cloudflare/kv-asset-handler': ~0.1.2

dependencies:
  '@cloudflare/kv-asset-handler': 0.1.2

packages:

  /@cloudflare/kv-asset-handler/0.1.2:
    resolution: {integrity: sha512-otES1gV5mEhNh82p/sJERPMMrC7UOLV2JyfKf4e3EX1TmMkZ3N8IDGAqRNsoRU8UYTO7wc83I7pH1p4ozAdgMQ==}
    dependencies:
      mime: 2.5.2
    dev: false

  /mime/2.5.2:
    resolution: {integrity: sha512-tqkh47FzKeCPD2PUiPB6pkbMzsCasjxAfC62/Wap5qrUWcb+sFasXUC5I3gYM5iBM8v/Qpn4UK0x+j0iHyFPDg==}
    engines: {node: '>=4.0.0'}
    hasBin: true
    dev: false
