{
	"name": "rome-root",
	"version": "10.0.7-beta.18",
	"lockfileVersion": 1,
	"requires": true,
	"dependencies": {
		"@types/node": {
			"version": "14.17.2",
			"resolved": "https://registry.npmjs.org/@types/node/-/node-14.17.2.tgz",
			"integrity": "sha512-sld7b/xmFum66AAKuz/rp/CUO8+98fMpyQ3SBfzzBNGMd/1iHBTAg9oyAvcYlAj46bpc74r91jSw2iFdnx29nw==",
			"dev": true
		},
		"@types/prop-types": {
			"version": "15.7.3",
			"resolved": "https://registry.npmjs.org/@types/prop-types/-/prop-types-15.7.3.tgz",
			"integrity": "sha512-KfRL3PuHmqQLOG+2tGpRO26Ctg+Cq1E01D2DMriKEATHgWLfeNDmq9e29Q9WIky0dQ3NPkd1mzYH8Lm936Z9qw==",
			"dev": true
		},
		"@types/react": {
			"version": "16.14.8",
			"resolved": "https://registry.npmjs.org/@types/react/-/react-16.14.8.tgz",
			"integrity": "sha512-QN0/Qhmx+l4moe7WJuTxNiTsjBwlBGHqKGvInSQCBdo7Qio0VtOqwsC0Wq7q3PbJlB0cR4Y4CVo1OOe6BOsOmA==",
			"dev": true,
			"requires": {
				"@types/prop-types": "*",
				"@types/scheduler": "*",
				"csstype": "^3.0.2"
			}
		},
		"@types/react-dom": {
			"version": "16.9.13",
			"resolved": "https://registry.npmjs.org/@types/react-dom/-/react-dom-16.9.13.tgz",
			"integrity": "sha512-34Hr3XnmUSJbUVDxIw/e7dhQn2BJZhJmlAaPyPwfTQyuVS9mV/CeyghFcXyvkJXxI7notQJz8mF8FeCVvloJrA==",
			"dev": true,
			"requires": {
				"@types/react": "^16"
			}
		},
		"@types/scheduler": {
			"version": "0.16.1",
			"resolved": "https://registry.npmjs.org/@types/scheduler/-/scheduler-0.16.1.tgz",
			"integrity": "sha512-EaCxbanVeyxDRTQBkdLb3Bvl/HK7PBK6UJjsSixB0iHKoWxE5uu2Q/DgtpOhPIojN0Zl1whvOd7PoHs2P0s5eA==",
			"dev": true
		},
		"@types/vscode": {
			"version": "1.56.0",
			"resolved": "https://registry.npmjs.org/@types/vscode/-/vscode-1.56.0.tgz",
			"integrity": "sha512-Q5VmQxOx+L1Y6lIJiGcJzwcyV3pQo/eiW8P+7sNLhFI16tJCwtua2DLjHRcpjbCLNVYpQM73kzfFo1Z0HyP9eQ==",
			"dev": true
		},
		"csstype": {
			"version": "3.0.8",
			"resolved": "https://registry.npmjs.org/csstype/-/csstype-3.0.8.tgz",
			"integrity": "sha512-jXKhWqXPmlUeoQnF/EhTtTl4C9SnrxSH/jZUih3jmO6lBKr99rP3/+FmrMj4EFpOXzMtXHAZkd3x0E6h6Fgflw==",
			"dev": true
		},
		"typescript": {
			"version": "4.3.2",
			"resolved": "https://registry.npmjs.org/typescript/-/typescript-4.3.2.tgz",
			"integrity": "sha512-zZ4hShnmnoVnAHpVHWpTcxdv7dWP60S2FsydQLV8V5PbS3FifjWFFRiHSWpDJahly88PRyV5teTSLoq4eG7mKw==",
			"dev": true
		}
	}
}
