{
  "name": "website2",
  "version": "1.0.0",
  "lockfileVersion": 2,
  "requires": true,
  "packages": {
    "": {
      "version": "1.0.0",
      "license": "ISC",
      "dependencies": {
        "react": "^17.0.1",
        "react-dom": "^17.0.1"
      }
    },
    "node_modules/js-tokens": {
      "version": "4.0.0",
      "resolved": "https://registry.npmjs.org/js-tokens/-/js-tokens-4.0.0.tgz",
      "integrity": "sha512-RdJUflcE3cUzKiMqQgsCu06FPu9UdIJO0beYbPhHN4k6apgJtifcoCtT9bcxOpYBtpD2kCM6Sbzg4CausW/PKQ=="
    },
    "node_modules/loose-envify": {
      "version": "1.4.0",
      "resolved": "https://registry.npmjs.org/loose-envify/-/loose-envify-1.4.0.tgz",
      "integrity": "sha512-lyuxPGr/Wfhrlem2CL/UcnUc1zcqKAImBDzukY7Y5F/yQiNdko6+fRLevlw1HgMySw7f611UIY408EtxRSoK3Q==",
      "dependencies": {
        "js-tokens": "^3.0.0 || ^4.0.0"
      },
      "bin": {
        "loose-envify": "cli.js"
      }
    },
    "node_modules/object-assign": {
      "version": "4.1.1",
      "resolved": "https://registry.npmjs.org/object-assign/-/object-assign-4.1.1.tgz",
      "integrity": "sha1-IQmtx5ZYh8/AXLvUQsrIv7s2CGM=",
      "engines": {
        "node": ">=0.10.0"
      }
    },
    "node_modules/react": {
      "version": "17.0.1",
      "resolved": "https://registry.npmjs.org/react/-/react-17.0.1.tgz",
      "integrity": "sha512-lG9c9UuMHdcAexXtigOZLX8exLWkW0Ku29qPRU8uhF2R9BN96dLCt0psvzPLlHc5OWkgymP3qwTRgbnw5BKx3w==",
      "dependencies": {
        "loose-envify": "^1.1.0",
        "object-assign": "^4.1.1"
      },
      "engines": {
        "node": ">=0.10.0"
      }
    },
    "node_modules/react-dom": {
      "version": "17.0.1",
      "resolved": "https://registry.npmjs.org/react-dom/-/react-dom-17.0.1.tgz",
      "integrity": "sha512-6eV150oJZ9U2t9svnsspTMrWNyHc6chX0KzDeAOXftRa8bNeOKTTfCJ7KorIwenkHd2xqVTBTCZd79yk/lx/Ug==",
      "dependencies": {
        "loose-envify": "^1.1.0",
        "object-assign": "^4.1.1",
        "scheduler": "^0.20.1"
      },
      "peerDependencies": {
        "react": "17.0.1"
      }
    },
    "node_modules/scheduler": {
      "version": "0.20.1",
      "resolved": "https://registry.npmjs.org/scheduler/-/scheduler-0.20.1.tgz",
      "integrity": "sha512-LKTe+2xNJBNxu/QhHvDR14wUXHRQbVY5ZOYpOGWRzhydZUqrLb2JBvLPY7cAqFmqrWuDED0Mjk7013SZiOz6Bw==",
      "dependencies": {
        "loose-envify": "^1.1.0",
        "object-assign": "^4.1.1"
      }
    }
  },
  "dependencies": {
    "js-tokens": {
      "version": "4.0.0",
      "resolved": "https://registry.npmjs.org/js-tokens/-/js-tokens-4.0.0.tgz",
      "integrity": "sha512-RdJUflcE3cUzKiMqQgsCu06FPu9UdIJO0beYbPhHN4k6apgJtifcoCtT9bcxOpYBtpD2kCM6Sbzg4CausW/PKQ=="
    },
    "loose-envify": {
      "version": "1.4.0",
      "resolved": "https://registry.npmjs.org/loose-envify/-/loose-envify-1.4.0.tgz",
      "integrity": "sha512-lyuxPGr/Wfhrlem2CL/UcnUc1zcqKAImBDzukY7Y5F/yQiNdko6+fRLevlw1HgMySw7f611UIY408EtxRSoK3Q==",
      "requires": {
        "js-tokens": "^3.0.0 || ^4.0.0"
      }
    },
    "object-assign": {
      "version": "4.1.1",
      "resolved": "https://registry.npmjs.org/object-assign/-/object-assign-4.1.1.tgz",
      "integrity": "sha1-IQmtx5ZYh8/AXLvUQsrIv7s2CGM="
    },
    "react": {
      "version": "17.0.1",
      "resolved": "https://registry.npmjs.org/react/-/react-17.0.1.tgz",
      "integrity": "sha512-lG9c9UuMHdcAexXtigOZLX8exLWkW0Ku29qPRU8uhF2R9BN96dLCt0psvzPLlHc5OWkgymP3qwTRgbnw5BKx3w==",
      "requires": {
        "loose-envify": "^1.1.0",
        "object-assign": "^4.1.1"
      }
    },
    "react-dom": {
      "version": "17.0.1",
      "resolved": "https://registry.npmjs.org/react-dom/-/react-dom-17.0.1.tgz",
      "integrity": "sha512-6eV150oJZ9U2t9svnsspTMrWNyHc6chX0KzDeAOXftRa8bNeOKTTfCJ7KorIwenkHd2xqVTBTCZd79yk/lx/Ug==",
      "requires": {
        "loose-envify": "^1.1.0",
        "object-assign": "^4.1.1",
        "scheduler": "^0.20.1"
      }
    },
    "scheduler": {
      "version": "0.20.1",
      "resolved": "https://registry.npmjs.org/scheduler/-/scheduler-0.20.1.tgz",
      "integrity": "sha512-LKTe+2xNJBNxu/QhHvDR14wUXHRQbVY5ZOYpOGWRzhydZUqrLb2JBvLPY7cAqFmqrWuDED0Mjk7013SZiOz6Bw==",
      "requires": {
        "loose-envify": "^1.1.0",
        "object-assign": "^4.1.1"
      }
    }
  }
}
