lockfileVersion: 5.4

specifiers:
  '@types/prettier': ^2.6.3
  prettier: ^2.7.0

dependencies:
  prettier: 2.7.0

devDependencies:
  '@types/prettier': 2.6.3

packages:

  /@types/prettier/2.6.3:
    resolution: {integrity: sha512-ymZk3LEC/fsut+/Q5qejp6R9O1rMxz3XaRHDV6kX8MrGAhOSPqVARbDi+EZvInBpw+BnCX3TD240byVkOfQsHg==}
    dev: true

  /prettier/2.7.0:
    resolution: {integrity: sha512-nwoX4GMFgxoPC6diHvSwmK/4yU8FFH3V8XWtLQrbj4IBsK2pkYhG4kf/ljF/haaZ/aii+wNJqISrCDPgxGWDVQ==}
    engines: {node: '>=10.13.0'}
    hasBin: true
    dev: false
