lockfileVersion: 5.4

specifiers:
  '@types/node': ^18.7.2
  typescript: ^4.7.4

devDependencies:
  '@types/node': 18.7.2
  typescript: 4.7.4

packages:

  /@types/node/18.7.2:
    resolution: {integrity: sha512-ce7MIiaYWCFv6A83oEultwhBXb22fxwNOQf5DIxWA4WXvDQ7K+L0fbWl/YOfCzlR5B/uFkSnVBhPcOfOECcWvA==}
    dev: true

  /typescript/4.7.4:
    resolution: {integrity: sha512-C0WQT0gezHuw6AdY1M2jxUO83Rjf0HP7Sk1DtXj6j1EwkQNZrHAg2XPWlq62oqEhYvONq5pkC2Y9oPljWToLmQ==}
    engines: {node: '>=4.2.0'}
    hasBin: true
    dev: true
