{
	"name": "prettier-tests",
	"lockfileVersion": 2,
	"requires": true,
	"packages": {
		"": {
			"name": "prettier-tests",
			"dependencies": {
				"prettier": "2.8.4"
			},
			"devDependencies": {
				"@types/prettier": "^2.7.1"
			},
			"engines": {
				"pnpm": "^7.0.0"
			}
		},
		"node_modules/@types/prettier": {
			"version": "2.7.2",
			"resolved": "https://registry.npmjs.org/@types/prettier/-/prettier-2.7.2.tgz",
			"integrity": "sha512-KufADq8uQqo1pYKVIYzfKbJfBAc0sOeXqGbFaSpv8MRmC/zXgowNZmFcbngndGk922QDmOASEXUZCaY48gs4cg==",
			"dev": true
		},
		"node_modules/prettier": {
			"version": "2.8.4",
			"resolved": "https://registry.npmjs.org/prettier/-/prettier-2.8.4.tgz",
			"integrity": "sha512-vIS4Rlc2FNh0BySk3Wkd6xmwxB0FpOndW5fisM5H8hsZSxU2VWVB5CWIkIjWvrHjIhxk2g3bfMKM87zNTrZddw==",
			"bin": {
				"prettier": "bin-prettier.js"
			},
			"engines": {
				"node": ">=10.13.0"
			},
			"funding": {
				"url": "https://github.com/prettier/prettier?sponsor=1"
			}
		}
	},
	"dependencies": {
		"@types/prettier": {
			"version": "2.7.2",
			"resolved": "https://registry.npmjs.org/@types/prettier/-/prettier-2.7.2.tgz",
			"integrity": "sha512-KufADq8uQqo1pYKVIYzfKbJfBAc0sOeXqGbFaSpv8MRmC/zXgowNZmFcbngndGk922QDmOASEXUZCaY48gs4cg==",
			"dev": true
		},
		"prettier": {
			"version": "2.8.4",
			"resolved": "https://registry.npmjs.org/prettier/-/prettier-2.8.4.tgz",
			"integrity": "sha512-vIS4Rlc2FNh0BySk3Wkd6xmwxB0FpOndW5fisM5H8hsZSxU2VWVB5CWIkIjWvrHjIhxk2g3bfMKM87zNTrZddw=="
		}
	}
}
