lockfileVersion: 5.4

specifiers:
  prettier: ^3.0.0

dependencies:
  prettier: 3.0.0

packages:

  /prettier/3.0.0:
    resolution: {integrity: sha512-zBf5eHpwHOGPC47h0zrPyNn+eAEIdEzfywMoYn2XPi0P44Zp0tSq64rq0xAREh4auw2cJZHo9QUob+NqCQky4g==}
    engines: {node: '>=14'}
    hasBin: true
    dev: false
