lockfileVersion: 5.4

specifiers:
  '@types/prettier': ^2.7.1
  prettier: 2.8.1

dependencies:
  prettier: 2.8.1

devDependencies:
  '@types/prettier': 2.7.1

packages:

  /@types/prettier/2.7.1:
    resolution: {integrity: sha512-ri0UmynRRvZiiUJdiz38MmIblKK+oH30MztdBVR95dv/Ubw6neWSb8u1XpRb72L4qsZOhz+L+z9JD40SJmfWow==}
    dev: true

  /prettier/2.8.1:
    resolution: {integrity: sha512-lqGoSJBQNJidqCHE80vqZJHWHRFoNYsSpP9AjFhlhi9ODCJA541svILes/+/1GM3VaL/abZi7cpFzOpdR9UPKg==}
    engines: {node: '>=10.13.0'}
    hasBin: true
    dev: false
